
Microsoft Visual Studio Solution File, Format Version 12.00
# Visual Studio Version 16
VisualStudioVersion = 16.0.31129.286
MinimumVisualStudioVersion = 10.0.40219.1
Project("{FAE04EC0-301F-11D3-BF4B-00C04F79EFBC}") = "YourPortofilo", "YourPortofilo.csproj", "{A712C785-084C-4085-A237-2C34AA0C571F}"
EndProject
Project("{FAE04EC0-301F-11D3-BF4B-00C04F79EFBC}") = "Domain", "..\Domain\Domain.csproj", "{C4222A67-6CF0-43C0-9D35-640ACEA92A23}"
EndProject
Project("{FAE04EC0-301F-11D3-BF4B-00C04F79EFBC}") = "Application", "..\Application\Application.csproj", "{5F1287C4-6FE7-4AB2-9233-F7D88C85AB6C}"
EndProject
Project("{FAE04EC0-301F-11D3-BF4B-00C04F79EFBC}") = "Infranstructure", "..\Infranstructure\Infranstructure.csproj", "{D196137D-67B1-49ED-B26C-30D2D2C2E813}"
EndProject
Global
	GlobalSection(SolutionConfigurationPlatforms) = preSolution
		Debug|Any CPU = Debug|Any CPU
		Release|Any CPU = Release|Any CPU
	EndGlobalSection
	GlobalSection(ProjectConfigurationPlatforms) = postSolution
		{A712C785-084C-4085-A237-2C34AA0C571F}.Debug|Any CPU.ActiveCfg = Debug|Any CPU
		{A712C785-084C-4085-A237-2C34AA0C571F}.Debug|Any CPU.Build.0 = Debug|Any CPU
		{A712C785-084C-4085-A237-2C34AA0C571F}.Release|Any CPU.ActiveCfg = Release|Any CPU
		{A712C785-084C-4085-A237-2C34AA0C571F}.Release|Any CPU.Build.0 = Release|Any CPU
		{C4222A67-6CF0-43C0-9D35-640ACEA92A23}.Debug|Any CPU.ActiveCfg = Debug|Any CPU
		{C4222A67-6CF0-43C0-9D35-640ACEA92A23}.Debug|Any CPU.Build.0 = Debug|Any CPU
		{C4222A67-6CF0-43C0-9D35-640ACEA92A23}.Release|Any CPU.ActiveCfg = Release|Any CPU
		{C4222A67-6CF0-43C0-9D35-640ACEA92A23}.Release|Any CPU.Build.0 = Release|Any CPU
		{5F1287C4-6FE7-4AB2-9233-F7D88C85AB6C}.Debug|Any CPU.ActiveCfg = Debug|Any CPU
		{5F1287C4-6FE7-4AB2-9233-F7D88C85AB6C}.Debug|Any CPU.Build.0 = Debug|Any CPU
		{5F1287C4-6FE7-4AB2-9233-F7D88C85AB6C}.Release|Any CPU.ActiveCfg = Release|Any CPU
		{5F1287C4-6FE7-4AB2-9233-F7D88C85AB6C}.Release|Any CPU.Build.0 = Release|Any CPU
		{D196137D-67B1-49ED-B26C-30D2D2C2E813}.Debug|Any CPU.ActiveCfg = Debug|Any CPU
		{D196137D-67B1-49ED-B26C-30D2D2C2E813}.Debug|Any CPU.Build.0 = Debug|Any CPU
		{D196137D-67B1-49ED-B26C-30D2D2C2E813}.Release|Any CPU.ActiveCfg = Release|Any CPU
		{D196137D-67B1-49ED-B26C-30D2D2C2E813}.Release|Any CPU.Build.0 = Release|Any CPU
	EndGlobalSection
	GlobalSection(SolutionProperties) = preSolution
		HideSolutionNode = FALSE
	EndGlobalSection
	GlobalSection(ExtensibilityGlobals) = postSolution
		SolutionGuid = {57438C3B-3632-4201-8C92-5B6CD7BDA4FD}
	EndGlobalSection
EndGlobal
